PODS:
  - face_ai_sdk (0.0.1):
    - FaceAISDK_Core
    - Flutter
  - FaceAISDK_Core (2026.03.27):
    - GoogleMLKit/FaceDetection (= 9.0.0)
    - TensorFlowLiteSwift (~> 2.17)
  - Flutter (1.0.0)
  - GoogleDataTransport (10.1.0):
    - nanopb (~> 3.30910.0)
    - PromisesObjC (~> 2.4)
  - GoogleMLKit/FaceDetection (9.0.0):
    - GoogleMLKit/MLKitCore
    - MLKitFaceDetection (~> 8.0.0)
  - GoogleMLKit/MLKitCore (9.0.0):
    - MLKitCommon (~> 14.0.0)
  - GoogleToolboxForMac/Defines (4.2.1)
  - GoogleToolboxForMac/Logger (4.2.1):
    - GoogleToolboxForMac/Defines (= 4.2.1)
  - "GoogleToolboxForMac/NSData+zlib (4.2.1)":
    - GoogleToolboxForMac/Defines (= 4.2.1)
  - GoogleUtilities/Environment (8.1.0):
    - GoogleUtilities/Privacy
  - GoogleUtilities/Logger (8.1.0):
    - GoogleUtilities/Environment
    - GoogleUtilities/Privacy
  - GoogleUtilities/Privacy (8.1.0)
  - GoogleUtilities/UserDefaults (8.1.0):
    - GoogleUtilities/Logger
    - GoogleUtilities/Privacy
  - GTMSessionFetcher/Core (3.5.0)
  - integration_test (0.0.1):
    - Flutter
  - MLImage (1.0.0-beta8)
  - MLKitCommon (14.0.0):
    - GoogleDataTransport (~> 10.0)
    - GoogleToolboxForMac/Logger (< 5.0, >= 4.2.1)
    - "GoogleToolboxForMac/NSData+zlib (< 5.0, >= 4.2.1)"
    - GoogleUtilities/Logger (~> 8.0)
    - GoogleUtilities/UserDefaults (~> 8.0)
    - GTMSessionFetcher/Core (< 4.0, >= 3.3.2)
  - MLKitFaceDetection (8.0.0):
    - MLKitCommon (~> 14.0)
    - MLKitVision (~> 10.0)
  - MLKitVision (10.0.0):
    - GoogleToolboxForMac/Logger (< 5.0, >= 4.2.1)
    - "GoogleToolboxForMac/NSData+zlib (< 5.0, >= 4.2.1)"
    - GTMSessionFetcher/Core (< 4.0, >= 3.3.2)
    - MLImage (= 1.0.0-beta8)
    - MLKitCommon (~> 14.0)
  - nanopb (3.30910.0):
    - nanopb/decode (= 3.30910.0)
    - nanopb/encode (= 3.30910.0)
  - nanopb/decode (3.30910.0)
  - nanopb/encode (3.30910.0)
  - path_provider_foundation (0.0.1):
    - Flutter
    - FlutterMacOS
  - PromisesObjC (2.4.0)
  - shared_preferences_foundation (0.0.1):
    - Flutter
    - FlutterMacOS
  - TensorFlowLiteC (2.17.0):
    - TensorFlowLiteC/Core (= 2.17.0)
  - TensorFlowLiteC/Core (2.17.0)
  - TensorFlowLiteSwift (2.17.0):
    - TensorFlowLiteSwift/Core (= 2.17.0)
  - TensorFlowLiteSwift/Core (2.17.0):
    - TensorFlowLiteC (= 2.17.0)
    - TensorFlowLiteSwift/Privacy (= 2.17.0)
  - TensorFlowLiteSwift/Privacy (2.17.0)
  - url_launcher_ios (0.0.1):
    - Flutter

DEPENDENCIES:
  - face_ai_sdk (from `.symlinks/plugins/face_ai_sdk/ios`)
  - FaceAISDK_Core (from `https://github.com/FaceAISDK/FaceAISDK_Core.git`, tag `2026.03.27`)
  - Flutter (from `Flutter`)
  - integration_test (from `.symlinks/plugins/integration_test/ios`)
  - path_provider_foundation (from `.symlinks/plugins/path_provider_foundation/darwin`)
  - shared_preferences_foundation (from `.symlinks/plugins/shared_preferences_foundation/darwin`)
  - url_launcher_ios (from `.symlinks/plugins/url_launcher_ios/ios`)

SPEC REPOS:
  trunk:
    - GoogleDataTransport
    - GoogleMLKit
    - GoogleToolboxForMac
    - GoogleUtilities
    - GTMSessionFetcher
    - MLImage
    - MLKitCommon
    - MLKitFaceDetection
    - MLKitVision
    - nanopb
    - PromisesObjC
    - TensorFlowLiteC
    - TensorFlowLiteSwift

EXTERNAL SOURCES:
  face_ai_sdk:
    :path: ".symlinks/plugins/face_ai_sdk/ios"
  FaceAISDK_Core:
    :git: https://github.com/FaceAISDK/FaceAISDK_Core.git
    :tag: 2026.03.27
  Flutter:
    :path: Flutter
  integration_test:
    :path: ".symlinks/plugins/integration_test/ios"
  path_provider_foundation:
    :path: ".symlinks/plugins/path_provider_foundation/darwin"
  shared_preferences_foundation:
    :path: ".symlinks/plugins/shared_preferences_foundation/darwin"
  url_launcher_ios:
    :path: ".symlinks/plugins/url_launcher_ios/ios"

CHECKOUT OPTIONS:
  FaceAISDK_Core:
    :git: https://github.com/FaceAISDK/FaceAISDK_Core.git
    :tag: 2026.03.27

SPEC CHECKSUMS:
  face_ai_sdk: 299ce67367e63b21947159469a84fd79f57d6f34
  FaceAISDK_Core: 83a80e891a282007c9c737bfadcfdf4a5cd2a5f2
  Flutter: cabc95a1d2626b1b06e7179b784ebcf0c0cde467
  GoogleDataTransport: aae35b7ea0c09004c3797d53c8c41f66f219d6a7
  GoogleMLKit: b1eee21a41c57704fe72483b15c85cb2c0cd7444
  GoogleToolboxForMac: d1a2cbf009c453f4d6ded37c105e2f67a32206d8
  GoogleUtilities: 00c88b9a86066ef77f0da2fab05f65d7768ed8e1
  GTMSessionFetcher: 5aea5ba6bd522a239e236100971f10cb71b96ab6
  integration_test: 4a889634ef21a45d28d50d622cf412dc6d9f586e
  MLImage: 0de5c6c2bf9e93b80ef752e2797f0836f03b58c0
  MLKitCommon: 47d47b50a031d00db62f1b0efe5a1d8b09a3b2e6
  MLKitFaceDetection: 32549f1e70e6e7731261bf9cea2b74095e2531cb
  MLKitVision: 39a5a812db83c4a0794445088e567f3631c11961
  nanopb: fad817b59e0457d11a5dfbde799381cd727c1275
  path_provider_foundation: bb55f6dbba17d0dccd6737fe6f7f34fbd0376880
  PromisesObjC: f5707f49cb48b9636751c5b2e7d227e43fba9f47
  shared_preferences_foundation: 7036424c3d8ec98dfe75ff1667cb0cd531ec82bb
  TensorFlowLiteC: eac6d689a8d391d1b202dc59e3d9165ba64aaf73
  TensorFlowLiteSwift: 723fe42222815e72490c79feeff05305530de393
  url_launcher_ios: 7a95fa5b60cc718a708b8f2966718e93db0cef1b

PODFILE CHECKSUM: ea7f71aacc56509e38d644accb6686b60f5360df

COCOAPODS: 1.16.2
